
Microsoft Visual Studio Solution File, Format Version 12.00
# Visual Studio 15
VisualStudioVersion = 15.0.27130.2026
MinimumVisualStudioVersion = 10.0.40219.1
Project("{FAE04EC0-301F-11D3-BF4B-00C04F79EFBC}") = "SpecjalnyTyper", "SpecjalnyTyper\SpecjalnyTyper.csproj", "{EC850744-A47D-448F-B317-ACA89BC9FD91}"
EndProject
Project("{FAE04EC0-301F-11D3-BF4B-00C04F79EFBC}") = "SpecjalnyTyper.Tests", "SpecjalnyTyper.Tests\SpecjalnyTyper.Tests.csproj", "{8910AEEF-2966-4B10-8324-C822D7A7D04E}"
EndProject
Global
	GlobalSection(SolutionConfigurationPlatforms) = preSolution
		Debug|Any CPU = Debug|Any CPU
		Release|Any CPU = Release|Any CPU
	EndGlobalSection
	GlobalSection(ProjectConfigurationPlatforms) = postSolution
		{EC850744-A47D-448F-B317-ACA89BC9FD91}.Debug|Any CPU.ActiveCfg = Debug|Any CPU
		{EC850744-A47D-448F-B317-ACA89BC9FD91}.Debug|Any CPU.Build.0 = Debug|Any CPU
		{EC850744-A47D-448F-B317-ACA89BC9FD91}.Release|Any CPU.ActiveCfg = Release|Any CPU
		{EC850744-A47D-448F-B317-ACA89BC9FD91}.Release|Any CPU.Build.0 = Release|Any CPU
		{8910AEEF-2966-4B10-8324-C822D7A7D04E}.Debug|Any CPU.ActiveCfg = Debug|Any CPU
		{8910AEEF-2966-4B10-8324-C822D7A7D04E}.Debug|Any CPU.Build.0 = Debug|Any CPU
		{8910AEEF-2966-4B10-8324-C822D7A7D04E}.Release|Any CPU.ActiveCfg = Release|Any CPU
		{8910AEEF-2966-4B10-8324-C822D7A7D04E}.Release|Any CPU.Build.0 = Release|Any CPU
	EndGlobalSection
	GlobalSection(SolutionProperties) = preSolution
		HideSolutionNode = FALSE
	EndGlobalSection
	GlobalSection(ExtensibilityGlobals) = postSolution
		SolutionGuid = {972554B5-74CD-42D4-9E0B-57F01BD1E75A}
	EndGlobalSection
EndGlobal
